{
  "nodes": {
    "nixos-hardware": {
      "locked": {
        "lastModified": 1757891025,
        "narHash": "sha256-NfiTk59huy/YK9H4W4wVwRYyiP2u86QqROM5KK4f5F4=",
        "owner": "NixOS",
        "repo": "nixos-hardware",
        "rev": "4c38a024fa32e61db2be8573e5282b15d9733a79",
        "type": "github"
      },
      "original": {
        "owner": "NixOS",
        "repo": "nixos-hardware",
        "type": "github"
      }
    },
    "nixos-logwatch": {
      "inputs": {
        "nixpkgs": [
          "nixpkgs"
        ]
      },
      "locked": {
        "lastModified": 1753615513,
        "narHash": "sha256-x+2WB5+t8yWbgO/7DP7anhSu+HDTztWbwO+ACILU8mk=",
        "owner": "SFrijters",
        "repo": "nixos-logwatch",
        "rev": "40eed37e55dc704741a7ff20b7e71d76c5c45596",
        "type": "github"
      },
      "original": {
        "owner": "SFrijters",
        "repo": "nixos-logwatch",
        "type": "github"
      }
    },
    "nixpkgs": {
      "locked": {
        "lastModified": 1757745802,
        "narHash": "sha256-hLEO2TPj55KcUFUU1vgtHE9UEIOjRcH/4QbmfHNF820=",
        "owner": "NixOS",
        "repo": "nixpkgs",
        "rev": "c23193b943c6c689d70ee98ce3128239ed9e32d1",
        "type": "github"
      },
      "original": {
        "owner": "NixOS",
        "ref": "nixos-unstable",
        "repo": "nixpkgs",
        "type": "github"
      }
    },
    "root": {
      "inputs": {
        "nixos-hardware": "nixos-hardware",
        "nixos-logwatch": "nixos-logwatch",
        "nixpkgs": "nixpkgs"
      }
    }
  },
  "root": "root",
  "version": 7
}
